
Microsoft Visual Studio Solution File, Format Version 12.00
Project("{FAE04EC0-301F-11D3-BF4B-00C04F79EFBC}") = "MyECommerce.Api", "MyECommerce.Api\MyECommerce.Api.csproj", "{A88C5295-DB70-47E6-A9CC-D1DB28508B6C}"
EndProject
Project("{FAE04EC0-301F-11D3-BF4B-00C04F79EFBC}") = "MyECommerce.Infrastructure", "MyECommerce.Infrastructure\MyECommerce.Infrastructure.csproj", "{02E8BD1F-4E61-4541-9C8C-9662AB16F1F5}"
EndProject
Project("{FAE04EC0-301F-11D3-BF4B-00C04F79EFBC}") = "MyECommerce.Domain", "MyECommerce.Domain\MyECommerce.Domain.csproj", "{9B59F4B7-1322-4432-B387-11D80245F9AD}"
EndProject
Project("{FAE04EC0-301F-11D3-BF4B-00C04F79EFBC}") = "MyECommerce.Api.IntegrationTests", "MyECommerce.Api.IntegrationTests\MyECommerce.Api.IntegrationTests.csproj", "{E0ED7C61-BC48-4DBA-A7B1-A4ED6FC19B84}"
EndProject
Project("{FAE04EC0-301F-11D3-BF4B-00C04F79EFBC}") = "MyECommerce.Application", "MyECommerce.Application\MyECommerce.Application.csproj", "{0ECFD214-204D-4FE2-8EC4-3E57D26CBDBF}"
EndProject
Global
	GlobalSection(SolutionConfigurationPlatforms) = preSolution
		Debug|Any CPU = Debug|Any CPU
		Release|Any CPU = Release|Any CPU
	EndGlobalSection
	GlobalSection(ProjectConfigurationPlatforms) = postSolution
		{A88C5295-DB70-47E6-A9CC-D1DB28508B6C}.Debug|Any CPU.ActiveCfg = Debug|Any CPU
		{A88C5295-DB70-47E6-A9CC-D1DB28508B6C}.Debug|Any CPU.Build.0 = Debug|Any CPU
		{A88C5295-DB70-47E6-A9CC-D1DB28508B6C}.Release|Any CPU.ActiveCfg = Release|Any CPU
		{A88C5295-DB70-47E6-A9CC-D1DB28508B6C}.Release|Any CPU.Build.0 = Release|Any CPU
		{02E8BD1F-4E61-4541-9C8C-9662AB16F1F5}.Debug|Any CPU.ActiveCfg = Debug|Any CPU
		{02E8BD1F-4E61-4541-9C8C-9662AB16F1F5}.Debug|Any CPU.Build.0 = Debug|Any CPU
		{02E8BD1F-4E61-4541-9C8C-9662AB16F1F5}.Release|Any CPU.ActiveCfg = Release|Any CPU
		{02E8BD1F-4E61-4541-9C8C-9662AB16F1F5}.Release|Any CPU.Build.0 = Release|Any CPU
		{9B59F4B7-1322-4432-B387-11D80245F9AD}.Debug|Any CPU.ActiveCfg = Debug|Any CPU
		{9B59F4B7-1322-4432-B387-11D80245F9AD}.Debug|Any CPU.Build.0 = Debug|Any CPU
		{9B59F4B7-1322-4432-B387-11D80245F9AD}.Release|Any CPU.ActiveCfg = Release|Any CPU
		{9B59F4B7-1322-4432-B387-11D80245F9AD}.Release|Any CPU.Build.0 = Release|Any CPU
		{E0ED7C61-BC48-4DBA-A7B1-A4ED6FC19B84}.Debug|Any CPU.ActiveCfg = Debug|Any CPU
		{E0ED7C61-BC48-4DBA-A7B1-A4ED6FC19B84}.Debug|Any CPU.Build.0 = Debug|Any CPU
		{E0ED7C61-BC48-4DBA-A7B1-A4ED6FC19B84}.Release|Any CPU.ActiveCfg = Release|Any CPU
		{E0ED7C61-BC48-4DBA-A7B1-A4ED6FC19B84}.Release|Any CPU.Build.0 = Release|Any CPU
		{0ECFD214-204D-4FE2-8EC4-3E57D26CBDBF}.Debug|Any CPU.ActiveCfg = Debug|Any CPU
		{0ECFD214-204D-4FE2-8EC4-3E57D26CBDBF}.Debug|Any CPU.Build.0 = Debug|Any CPU
		{0ECFD214-204D-4FE2-8EC4-3E57D26CBDBF}.Release|Any CPU.ActiveCfg = Release|Any CPU
		{0ECFD214-204D-4FE2-8EC4-3E57D26CBDBF}.Release|Any CPU.Build.0 = Release|Any CPU
	EndGlobalSection
EndGlobal
